
Microsoft Visual Studio Solution File, Format Version 12.00
# Visual Studio Version 16
VisualStudioVersion = 16.0.30611.23
MinimumVisualStudioVersion = 10.0.40219.1
Project("{FAE04EC0-301F-11D3-BF4B-00C04F79EFBC}") = "VanillaSocialInteractionsExpanded", "VanillaSocialInteractionsExpanded.csproj", "{3D98DB68-88FB-4B35-A63C-1C8AE36C09D3}"
EndProject
Global
	GlobalSection(SolutionConfigurationPlatforms) = preSolution
		Debug|Any CPU = Debug|Any CPU
		Release|Any CPU = Release|Any CPU
	EndGlobalSection
	GlobalSection(ProjectConfigurationPlatforms) = postSolution
		{3D98DB68-88FB-4B35-A63C-1C8AE36C09D3}.Debug|Any CPU.ActiveCfg = Debug|Any CPU
		{3D98DB68-88FB-4B35-A63C-1C8AE36C09D3}.Debug|Any CPU.Build.0 = Debug|Any CPU
		{3D98DB68-88FB-4B35-A63C-1C8AE36C09D3}.Release|Any CPU.ActiveCfg = Release|Any CPU
		{3D98DB68-88FB-4B35-A63C-1C8AE36C09D3}.Release|Any CPU.Build.0 = Release|Any CPU
	EndGlobalSection
	GlobalSection(SolutionProperties) = preSolution
		HideSolutionNode = FALSE
	EndGlobalSection
	GlobalSection(ExtensibilityGlobals) = postSolution
		SolutionGuid = {0ECDB110-FB31-4C91-ACA4-985A656C98FC}
	EndGlobalSection
EndGlobal
